
Microsoft Visual Studio Solution File, Format Version 12.00
# Visual Studio Version 17
VisualStudioVersion = 17.4.33213.308
MinimumVisualStudioVersion = 10.0.40219.1
Project("{FAE04EC0-301F-11D3-BF4B-00C04F79EFBC}") = "DisplayDate", "DisplayDate\DisplayDate.csproj", "{D8CBCBBA-1869-4B1E-9567-CBE4F816AC85}"
EndProject
Global
	GlobalSection(SolutionConfigurationPlatforms) = preSolution
		Debug|Any CPU = Debug|Any CPU
		Release|Any CPU = Release|Any CPU
	EndGlobalSection
	GlobalSection(ProjectConfigurationPlatforms) = postSolution
		{D8CBCBBA-1869-4B1E-9567-CBE4F816AC85}.Debug|Any CPU.ActiveCfg = Debug|Any CPU
		{D8CBCBBA-1869-4B1E-9567-CBE4F816AC85}.Debug|Any CPU.Build.0 = Debug|Any CPU
		{D8CBCBBA-1869-4B1E-9567-CBE4F816AC85}.Release|Any CPU.ActiveCfg = Release|Any CPU
		{D8CBCBBA-1869-4B1E-9567-CBE4F816AC85}.Release|Any CPU.Build.0 = Release|Any CPU
	EndGlobalSection
	GlobalSection(SolutionProperties) = preSolution
		HideSolutionNode = FALSE
	EndGlobalSection
	GlobalSection(ExtensibilityGlobals) = postSolution
		SolutionGuid = {E50DA13E-5F9C-4EBC-B8CD-8B10A5315AD0}
	EndGlobalSection
EndGlobal
